
Microsoft Visual Studio Solution File, Format Version 12.00
# Visual Studio Version 17
VisualStudioVersion = 17.11.35303.130
MinimumVisualStudioVersion = 10.0.40219.1
Project("{FAE04EC0-301F-11D3-BF4B-00C04F79EFBC}") = "ComputerLabManagement", "ComputerLabManagement\ComputerLabManagement.csproj", "{72B4EF44-C48A-49EE-B749-D3D8E633A5CB}"
EndProject
Global
	GlobalSection(SolutionConfigurationPlatforms) = preSolution
		Debug|Any CPU = Debug|Any CPU
		Release|Any CPU = Release|Any CPU
	EndGlobalSection
	GlobalSection(ProjectConfigurationPlatforms) = postSolution
		{72B4EF44-C48A-49EE-B749-D3D8E633A5CB}.Debug|Any CPU.ActiveCfg = Debug|Any CPU
		{72B4EF44-C48A-49EE-B749-D3D8E633A5CB}.Debug|Any CPU.Build.0 = Debug|Any CPU
		{72B4EF44-C48A-49EE-B749-D3D8E633A5CB}.Release|Any CPU.ActiveCfg = Release|Any CPU
		{72B4EF44-C48A-49EE-B749-D3D8E633A5CB}.Release|Any CPU.Build.0 = Release|Any CPU
	EndGlobalSection
	GlobalSection(SolutionProperties) = preSolution
		HideSolutionNode = FALSE
	EndGlobalSection
	GlobalSection(ExtensibilityGlobals) = postSolution
		SolutionGuid = {78C6DFB9-8A32-412A-99A3-78DCB1F5CCE1}
	EndGlobalSection
EndGlobal
